
Microsoft Visual Studio Solution File, Format Version 12.00
# Visual Studio Version 17
VisualStudioVersion = 17.0.31611.283
MinimumVisualStudioVersion = 10.0.40219.1
Project("{9A19103F-16F7-4668-BE54-9A1E7A4F7556}") = "MawaMAUIDesign.Test", "MawaMAUIDesign.Test\MawaMAUIDesign.Test.csproj", "{C9E731AA-8449-4116-8A50-A96B013DE8DE}"
EndProject
Project("{FAE04EC0-301F-11D3-BF4B-00C04F79EFBC}") = "MawaMAUIDesign.Core", "MawaMAUIDesign.Core\MawaMAUIDesign.Core.csproj", "{7F6F8A13-C0D3-4C65-96DE-2B0728EB5096}"
EndProject
Global
	GlobalSection(SolutionConfigurationPlatforms) = preSolution
		Debug|Any CPU = Debug|Any CPU
		Release|Any CPU = Release|Any CPU
	EndGlobalSection
	GlobalSection(ProjectConfigurationPlatforms) = postSolution
		{C9E731AA-8449-4116-8A50-A96B013DE8DE}.Debug|Any CPU.ActiveCfg = Debug|Any CPU
		{C9E731AA-8449-4116-8A50-A96B013DE8DE}.Debug|Any CPU.Build.0 = Debug|Any CPU
		{C9E731AA-8449-4116-8A50-A96B013DE8DE}.Debug|Any CPU.Deploy.0 = Debug|Any CPU
		{C9E731AA-8449-4116-8A50-A96B013DE8DE}.Release|Any CPU.ActiveCfg = Release|Any CPU
		{C9E731AA-8449-4116-8A50-A96B013DE8DE}.Release|Any CPU.Build.0 = Release|Any CPU
		{C9E731AA-8449-4116-8A50-A96B013DE8DE}.Release|Any CPU.Deploy.0 = Release|Any CPU
		{7F6F8A13-C0D3-4C65-96DE-2B0728EB5096}.Debug|Any CPU.ActiveCfg = Debug|Any CPU
		{7F6F8A13-C0D3-4C65-96DE-2B0728EB5096}.Debug|Any CPU.Build.0 = Debug|Any CPU
		{7F6F8A13-C0D3-4C65-96DE-2B0728EB5096}.Release|Any CPU.ActiveCfg = Release|Any CPU
		{7F6F8A13-C0D3-4C65-96DE-2B0728EB5096}.Release|Any CPU.Build.0 = Release|Any CPU
	EndGlobalSection
	GlobalSection(SolutionProperties) = preSolution
		HideSolutionNode = FALSE
	EndGlobalSection
	GlobalSection(ExtensibilityGlobals) = postSolution
		SolutionGuid = {61F7FB11-1E47-470C-91E2-47F8143E1572}
	EndGlobalSection
EndGlobal
